{
  "nodes": {
    "nixos-appstream-data": {
      "inputs": {
        "nixpkgs": [
          "nixpkgs"
        ]
      },
      "locked": {
        "lastModified": 1771522738,
        "narHash": "sha256-uXNpJv687gJMITVYsfuGOywoElKxEcZMRd6HYVHFu24=",
        "owner": "snowfallorg",
        "repo": "nixos-appstream-data",
        "rev": "df1a03d7d838026f3c70ca18b1d8867f605ed51c",
        "type": "github"
      },
      "original": {
        "owner": "snowfallorg",
        "repo": "nixos-appstream-data",
        "type": "github"
      }
    },
    "nixpkgs": {
      "locked": {
        "lastModified": 1773821835,
        "narHash": "sha256-TJ3lSQtW0E2JrznGVm8hOQGVpXjJyXY2guAxku2O9A4=",
        "owner": "nixos",
        "repo": "nixpkgs",
        "rev": "b40629efe5d6ec48dd1efba650c797ddbd39ace0",
        "type": "github"
      },
      "original": {
        "owner": "nixos",
        "ref": "nixos-unstable",
        "repo": "nixpkgs",
        "type": "github"
      }
    },
    "root": {
      "inputs": {
        "nixos-appstream-data": "nixos-appstream-data",
        "nixpkgs": "nixpkgs"
      }
    }
  },
  "root": "root",
  "version": 7
}
