{
  "nodes": {
    "nixos-appstream-data": {
      "inputs": {
        "nixpkgs": [
          "nixpkgs"
        ]
      },
      "locked": {
        "lastModified": 1771305854,
        "narHash": "sha256-XrmLvPSYLCJOo3yvRJfycnPcedWAzxbk62XL7M9UXs4=",
        "owner": "snowfallorg",
        "repo": "nixos-appstream-data",
        "rev": "e8c1042424e444f698a4d129d5a993629e981dc9",
        "type": "github"
      },
      "original": {
        "owner": "snowfallorg",
        "repo": "nixos-appstream-data",
        "type": "github"
      }
    },
    "nixpkgs": {
      "locked": {
        "lastModified": 1771008912,
        "narHash": "sha256-gf2AmWVTs8lEq7z/3ZAsgnZDhWIckkb+ZnAo5RzSxJg=",
        "owner": "nixos",
        "repo": "nixpkgs",
        "rev": "a82ccc39b39b621151d6732718e3e250109076fa",
        "type": "github"
      },
      "original": {
        "owner": "nixos",
        "ref": "nixos-unstable",
        "repo": "nixpkgs",
        "type": "github"
      }
    },
    "root": {
      "inputs": {
        "nixos-appstream-data": "nixos-appstream-data",
        "nixpkgs": "nixpkgs"
      }
    }
  },
  "root": "root",
  "version": 7
}
